// !$*UTF8*$!
{
	archiveVersion = 1;
	classes = {
	};
	objectVersion = 50;
	objects = {

/* Begin PBXBuildFile section */
		F7A900AC26B1A817002C9749 /* AppDelegate.swift in Sources */ = {isa = PBXBuildFile; fileRef = F7A900AB26B1A817002C9749 /* AppDelegate.swift */; };
		F7A900AE26B1A817002C9749 /* SceneDelegate.swift in Sources */ = {isa = PBXBuildFile; fileRef = F7A900AD26B1A817002C9749 /* SceneDelegate.swift */; };
		F7A900B026B1A817002C9749 /* ViewController.swift in Sources */ = {isa = PBXBuildFile; fileRef = F7A900AF26B1A817002C9749 /* ViewController.swift */; };
		F7A900B326B1A817002C9749 /* Main.storyboard in Resources */ = {isa = PBXBuildFile; fileRef = F7A900B126B1A817002C9749 /* Main.storyboard */; };
		F7A900B526B1A81B002C9749 /* Assets.xcassets in Resources */ = {isa = PBXBuildFile; fileRef = F7A900B426B1A81B002C9749 /* Assets.xcassets */; };
		F7A900B826B1A81B002C9749 /* LaunchScreen.storyboard in Resources */ = {isa = PBXBuildFile; fileRef = F7A900B626B1A81B002C9749 /* LaunchScreen.storyboard */; };
		F7A900C726B1B95D002C9749 /* TextFieldTableViewCell.swift in Sources */ = {isa = PBXBuildFile; fileRef = F7A900C526B1B95D002C9749 /* TextFieldTableViewCell.swift */; };
		F7A900C826B1B95D002C9749 /* TextFieldTableViewCell.xib in Resources */ = {isa = PBXBuildFile; fileRef = F7A900C626B1B95D002C9749 /* TextFieldTableViewCell.xib */; };
/* End PBXBuildFile section */

/* Begin PBXFileReference section */
		F7A900A826B1A817002C9749 /* TestForAlef.app */ = {isa = PBXFileReference; explicitFileType = wrapper.application; includeInIndex = 0; path = TestForAlef.app; sourceTree = BUILT_PRODUCTS_DIR; };
		F7A900AB26B1A817002C9749 /* AppDelegate.swift */ = {isa = PBXFileReference; lastKnownFileType = sourcecode.swift; path = AppDelegate.swift; sourceTree = "<group>"; };
		F7A900AD26B1A817002C9749 /* SceneDelegate.swift */ = {isa = PBXFileReference; lastKnownFileType = sourcecode.swift; path = SceneDelegate.swift; sourceTree = "<group>"; };
		F7A900AF26B1A817002C9749 /* ViewController.swift */ = {isa = PBXFileReference; lastKnownFileType = sourcecode.swift; path = ViewController.swift; sourceTree = "<group>"; };
		F7A900B226B1A817002C9749 /* Base */ = {isa = PBXFileReference; lastKnownFileType = file.storyboard; name = Base; path = Base.lproj/Main.storyboard; sourceTree = "<group>"; };
		F7A900B426B1A81B002C9749 /* Assets.xcassets */ = {isa = PBXFileReference; lastKnownFileType = folder.assetcatalog; path = Assets.xcassets; sourceTree = "<group>"; };
		F7A900B726B1A81B002C9749 /* Base */ = {isa = PBXFileReference; lastKnownFileType = file.storyboard; name = Base; path = Base.lproj/LaunchScreen.storyboard; sourceTree = "<group>"; };
		F7A900B926B1A81B002C9749 /* Info.plist */ = {isa = PBXFileReference; lastKnownFileType = text.plist.xml; path = Info.plist; sourceTree = "<group>"; };
		F7A900C526B1B95D002C9749 /* TextFieldTableViewCell.swift */ = {isa = PBXFileReference; lastKnownFileType = sourcecode.swift; path = TextFieldTableViewCell.swift; sourceTree = "<group>"; };
		F7A900C626B1B95D002C9749 /* TextFieldTableViewCell.xib */ = {isa = PBXFileReference; lastKnownFileType = file.xib; path = TextFieldTableViewCell.xib; sourceTree = "<group>"; };
/* End PBXFileReference section */

/* Begin PBXFrameworksBuildPhase section */
		F7A900A526B1A817002C9749 /* Frameworks */ = {
			isa = PBXFrameworksBuildPhase;
			buildActionMask = 2147483647;
			files = (
			);
			runOnlyForDeploymentPostprocessing = 0;
		};
/* End PBXFrameworksBuildPhase section */

/* Begin PBXGroup section */
		5F15CBD026B3337400FF3179 /* Storyboards */ = {
			isa = PBXGroup;
			children = (
				F7A900B126B1A817002C9749 /* Main.storyboard */,
				F7A900B626B1A81B002C9749 /* LaunchScreen.storyboard */,
			);
			path = Storyboards;
			sourceTree = "<group>";
		};
		5F15CBD126B3339C00FF3179 /* ViewControllers */ = {
			isa = PBXGroup;
			children = (
				F7A900AF26B1A817002C9749 /* ViewController.swift */,
			);
			path = ViewControllers;
			sourceTree = "<group>";
		};
		5F15CBD226B333C700FF3179 /* SupportingFiles */ = {
			isa = PBXGroup;
			children = (
				F7A900B426B1A81B002C9749 /* Assets.xcassets */,
				F7A900B926B1A81B002C9749 /* Info.plist */,
			);
			path = SupportingFiles;
			sourceTree = "<group>";
		};
		5F15CBD326B333DD00FF3179 /* UILayer */ = {
			isa = PBXGroup;
			children = (
				5F15CBD426B333E300FF3179 /* TableViewCells */,
			);
			path = UILayer;
			sourceTree = "<group>";
		};
		5F15CBD426B333E300FF3179 /* TableViewCells */ = {
			isa = PBXGroup;
			children = (
				5F15CBD526B333EE00FF3179 /* TextFieldTableViewCell */,
			);
			path = TableViewCells;
			sourceTree = "<group>";
		};
		5F15CBD526B333EE00FF3179 /* TextFieldTableViewCell */ = {
			isa = PBXGroup;
			children = (
				F7A900C526B1B95D002C9749 /* TextFieldTableViewCell.swift */,
				F7A900C626B1B95D002C9749 /* TextFieldTableViewCell.xib */,
			);
			path = TextFieldTableViewCell;
			sourceTree = "<group>";
		};
		F7A9009F26B1A817002C9749 = {
			isa = PBXGroup;
			children = (
				F7A900AA26B1A817002C9749 /* TestForAlef */,
				F7A900A926B1A817002C9749 /* Products */,
			);
			sourceTree = "<group>";
		};
		F7A900A926B1A817002C9749 /* Products */ = {
			isa = PBXGroup;
			children = (
				F7A900A826B1A817002C9749 /* TestForAlef.app */,
			);
			name = Products;
			sourceTree = "<group>";
		};
		F7A900AA26B1A817002C9749 /* TestForAlef */ = {
			isa = PBXGroup;
			children = (
				F7A900AB26B1A817002C9749 /* AppDelegate.swift */,
				F7A900AD26B1A817002C9749 /* SceneDelegate.swift */,
				5F15CBD326B333DD00FF3179 /* UILayer */,
				5F15CBD126B3339C00FF3179 /* ViewControllers */,
				5F15CBD026B3337400FF3179 /* Storyboards */,
				5F15CBD226B333C700FF3179 /* SupportingFiles */,
			);
			path = TestForAlef;
			sourceTree = "<group>";
		};
/* End PBXGroup section */

/* Begin PBXNativeTarget section */
		F7A900A726B1A817002C9749 /* TestForAlef */ = {
			isa = PBXNativeTarget;
			buildConfigurationList = F7A900BC26B1A81B002C9749 /* Build configuration list for PBXNativeTarget "TestForAlef" */;
			buildPhases = (
				F7A900A426B1A817002C9749 /* Sources */,
				F7A900A526B1A817002C9749 /* Frameworks */,
				F7A900A626B1A817002C9749 /* Resources */,
			);
			buildRules = (
			);
			dependencies = (
			);
			name = TestForAlef;
			productName = testForAlef;
			productReference = F7A900A826B1A817002C9749 /* TestForAlef.app */;
			productType = "com.apple.product-type.application";
		};
/* End PBXNativeTarget section */

/* Begin PBXProject section */
		F7A900A026B1A817002C9749 /* Project object */ = {
			isa = PBXProject;
			attributes = {
				LastSwiftUpdateCheck = 1250;
				LastUpgradeCheck = 1250;
				TargetAttributes = {
					F7A900A726B1A817002C9749 = {
						CreatedOnToolsVersion = 12.5.1;
					};
				};
			};
			buildConfigurationList = F7A900A326B1A817002C9749 /* Build configuration list for PBXProject "TestForAlef" */;
			compatibilityVersion = "Xcode 9.3";
			developmentRegion = en;
			hasScannedForEncodings = 0;
			knownRegions = (
				en,
				Base,
			);
			mainGroup = F7A9009F26B1A817002C9749;
			productRefGroup = F7A900A926B1A817002C9749 /* Products */;
			projectDirPath = "";
			projectRoot = "";
			targets = (
				F7A900A726B1A817002C9749 /* TestForAlef */,
			);
		};
/* End PBXProject section */

/* Begin PBXResourcesBuildPhase section */
		F7A900A626B1A817002C9749 /* Resources */ = {
			isa = PBXResourcesBuildPhase;
			buildActionMask = 2147483647;
			files = (
				F7A900B826B1A81B002C9749 /* LaunchScreen.storyboard in Resources */,
				F7A900B526B1A81B002C9749 /* Assets.xcassets in Resources */,
				F7A900B326B1A817002C9749 /* Main.storyboard in Resources */,
				F7A900C826B1B95D002C9749 /* TextFieldTableViewCell.xib in Resources */,
			);
			runOnlyForDeploymentPostprocessing = 0;
		};
/* End PBXResourcesBuildPhase section */

/* Begin PBXSourcesBuildPhase section */
		F7A900A426B1A817002C9749 /* Sources */ = {
			isa = PBXSourcesBuildPhase;
			buildActionMask = 2147483647;
			files = (
				F7A900B026B1A817002C9749 /* ViewController.swift in Sources */,
				F7A900AC26B1A817002C9749 /* AppDelegate.swift in Sources */,
				F7A900C726B1B95D002C9749 /* TextFieldTableViewCell.swift in Sources */,
				F7A900AE26B1A817002C9749 /* SceneDelegate.swift in Sources */,
			);
			runOnlyForDeploymentPostprocessing = 0;
		};
/* End PBXSourcesBuildPhase section */

/* Begin PBXVariantGroup section */
		F7A900B126B1A817002C9749 /* Main.storyboard */ = {
			isa = PBXVariantGroup;
			children = (
				F7A900B226B1A817002C9749 /* Base */,
			);
			name = Main.storyboard;
			sourceTree = "<group>";
		};
		F7A900B626B1A81B002C9749 /* LaunchScreen.storyboard */ = {
			isa = PBXVariantGroup;
			children = (
				F7A900B726B1A81B002C9749 /* Base */,
			);
			name = LaunchScreen.storyboard;
			sourceTree = "<group>";
		};
/* End PBXVariantGroup section */

/* Begin XCBuildConfiguration section */
		F7A900BA26B1A81B002C9749 /* Debug */ = {
			isa = XCBuildConfiguration;
			buildSettings = {
				ALWAYS_SEARCH_USER_PATHS = NO;
				CLANG_ANALYZER_NONNULL = YES;
				CLANG_ANALYZER_NUMBER_OBJECT_CONVERSION = YES_AGGRESSIVE;
				CLANG_CXX_LANGUAGE_STANDARD = "gnu++14";
				CLANG_CXX_LIBRARY = "libc++";
				CLANG_ENABLE_MODULES = YES;
				CLANG_ENABLE_OBJC_ARC = YES;
				CLANG_ENABLE_OBJC_WEAK = YES;
				CLANG_WARN_BLOCK_CAPTURE_AUTORELEASING = YES;
				CLANG_WARN_BOOL_CONVERSION = YES;
				CLANG_WARN_COMMA = YES;
				CLANG_WARN_CONSTANT_CONVERSION = YES;
				CLANG_WARN_DEPRECATED_OBJC_IMPLEMENTATIONS = YES;
				CLANG_WARN_DIRECT_OBJC_ISA_USAGE = YES_ERROR;
				CLANG_WARN_DOCUMENTATION_COMMENTS = YES;
				CLANG_WARN_EMPTY_BODY = YES;
				CLANG_WARN_ENUM_CONVERSION = YES;
				CLANG_WARN_INFINITE_RECURSION = YES;
				CLANG_WARN_INT_CONVERSION = YES;
				CLANG_WARN_NON_LITERAL_NULL_CONVERSION = YES;
				CLANG_WARN_OBJC_IMPLICIT_RETAIN_SELF = YES;
				CLANG_WARN_OBJC_LITERAL_CONVERSION = YES;
				CLANG_WARN_OBJC_ROOT_CLASS = YES_ERROR;
				CLANG_WARN_QUOTED_INCLUDE_IN_FRAMEWORK_HEADER = YES;
				CLANG_WARN_RANGE_LOOP_ANALYSIS = YES;
				CLANG_WARN_STRICT_PROTOTYPES = YES;
				CLANG_WARN_SUSPICIOUS_MOVE = YES;
				CLANG_WARN_UNGUARDED_AVAILABILITY = YES_AGGRESSIVE;
				CLANG_WARN_UNREACHABLE_CODE = YES;
				CLANG_WARN__DUPLICATE_METHOD_MATCH = YES;
				COPY_PHASE_STRIP = NO;
				DEBUG_INFORMATION_FORMAT = dwarf;
				ENABLE_STRICT_OBJC_MSGSEND = YES;
				ENABLE_TESTABILITY = YES;
				GCC_C_LANGUAGE_STANDARD = gnu11;
				GCC_DYNAMIC_NO_PIC = NO;
				GCC_NO_COMMON_BLOCKS = YES;
				GCC_OPTIMIZATION_LEVEL = 0;
				GCC_PREPROCESSOR_DEFINITIONS = (
					"DEBUG=1",
					"$(inherited)",
				);
				GCC_WARN_64_TO_32_BIT_CONVERSION = YES;
				GCC_WARN_ABOUT_RETURN_TYPE = YES_ERROR;
				GCC_WARN_UNDECLARED_SELECTOR = YES;
				GCC_WARN_UNINITIALIZED_AUTOS = YES_AGGRESSIVE;
				GCC_WARN_UNUSED_FUNCTION = YES;
				GCC_WARN_UNUSED_VARIABLE = YES;
				IPHONEOS_DEPLOYMENT_TARGET = 14.5;
				MTL_ENABLE_DEBUG_INFO = INCLUDE_SOURCE;
				MTL_FAST_MATH = YES;
				ONLY_ACTIVE_ARCH = YES;
				SDKROOT = iphoneos;
				SWIFT_ACTIVE_COMPILATION_CONDITIONS = DEBUG;
				SWIFT_OPTIMIZATION_LEVEL = "-Onone";
			};
			name = Debug;
		};
		F7A900BB26B1A81B002C9749 /* Release */ = {
			isa = XCBuildConfiguration;
			buildSettings = {
				ALWAYS_SEARCH_USER_PATHS = NO;
				CLANG_ANALYZER_NONNULL = YES;
				CLANG_ANALYZER_NUMBER_OBJECT_CONVERSION = YES_AGGRESSIVE;
				CLANG_CXX_LANGUAGE_STANDARD = "gnu++14";
				CLANG_CXX_LIBRARY = "libc++";
				CLANG_ENABLE_MODULES = YES;
				CLANG_ENABLE_OBJC_ARC = YES;
				CLANG_ENABLE_OBJC_WEAK = YES;
				CLANG_WARN_BLOCK_CAPTURE_AUTORELEASING = YES;
				CLANG_WARN_BOOL_CONVERSION = YES;
				CLANG_WARN_COMMA = YES;
				CLANG_WARN_CONSTANT_CONVERSION = YES;
				CLANG_WARN_DEPRECATED_OBJC_IMPLEMENTATIONS = YES;
				CLANG_WARN_DIRECT_OBJC_ISA_USAGE = YES_ERROR;
				CLANG_WARN_DOCUMENTATION_COMMENTS = YES;
				CLANG_WARN_EMPTY_BODY = YES;
				CLANG_WARN_ENUM_CONVERSION = YES;
				CLANG_WARN_INFINITE_RECURSION = YES;
				CLANG_WARN_INT_CONVERSION = YES;
				CLANG_WARN_NON_LITERAL_NULL_CONVERSION = YES;
				CLANG_WARN_OBJC_IMPLICIT_RETAIN_SELF = YES;
				CLANG_WARN_OBJC_LITERAL_CONVERSION = YES;
				CLANG_WARN_OBJC_ROOT_CLASS = YES_ERROR;
				CLANG_WARN_QUOTED_INCLUDE_IN_FRAMEWORK_HEADER = YES;
				CLANG_WARN_RANGE_LOOP_ANALYSIS = YES;
				CLANG_WARN_STRICT_PROTOTYPES = YES;
				CLANG_WARN_SUSPICIOUS_MOVE = YES;
				CLANG_WARN_UNGUARDED_AVAILABILITY = YES_AGGRESSIVE;
				CLANG_WARN_UNREACHABLE_CODE = YES;
				CLANG_WARN__DUPLICATE_METHOD_MATCH = YES;
				COPY_PHASE_STRIP = NO;
				DEBUG_INFORMATION_FORMAT = "dwarf-with-dsym";
				ENABLE_NS_ASSERTIONS = NO;
				ENABLE_STRICT_OBJC_MSGSEND = YES;
				GCC_C_LANGUAGE_STANDARD = gnu11;
				GCC_NO_COMMON_BLOCKS = YES;
				GCC_WARN_64_TO_32_BIT_CONVERSION = YES;
				GCC_WARN_ABOUT_RETURN_TYPE = YES_ERROR;
				GCC_WARN_UNDECLARED_SELECTOR = YES;
				GCC_WARN_UNINITIALIZED_AUTOS = YES_AGGRESSIVE;
				GCC_WARN_UNUSED_FUNCTION = YES;
				GCC_WARN_UNUSED_VARIABLE = YES;
				IPHONEOS_DEPLOYMENT_TARGET = 14.5;
				MTL_ENABLE_DEBUG_INFO = NO;
				MTL_FAST_MATH = YES;
				SDKROOT = iphoneos;
				SWIFT_COMPILATION_MODE = wholemodule;
				SWIFT_OPTIMIZATION_LEVEL = "-O";
				VALIDATE_PRODUCT = YES;
			};
			name = Release;
		};
		F7A900BD26B1A81B002C9749 /* Debug */ = {
			isa = XCBuildConfiguration;
			buildSettings = {
				ASSETCATALOG_COMPILER_APPICON_NAME = AppIcon;
				ASSETCATALOG_COMPILER_GLOBAL_ACCENT_COLOR_NAME = AccentColor;
				CODE_SIGN_STYLE = Automatic;
				DEVELOPMENT_TEAM = 7W7SKQ88EW;
				INFOPLIST_FILE = testForAlef/Info.plist;
				LD_RUNPATH_SEARCH_PATHS = (
					"$(inherited)",
					"@executable_path/Frameworks",
				);
				PRODUCT_BUNDLE_IDENTIFIER = airumian.alexander.testForAlef;
				PRODUCT_NAME = "$(TARGET_NAME)";
				SWIFT_VERSION = 5.0;
				TARGETED_DEVICE_FAMILY = "1,2";
			};
			name = Debug;
		};
		F7A900BE26B1A81B002C9749 /* Release */ = {
			isa = XCBuildConfiguration;
			buildSettings = {
				ASSETCATALOG_COMPILER_APPICON_NAME = AppIcon;
				ASSETCATALOG_COMPILER_GLOBAL_ACCENT_COLOR_NAME = AccentColor;
				CODE_SIGN_STYLE = Automatic;
				DEVELOPMENT_TEAM = 7W7SKQ88EW;
				INFOPLIST_FILE = testForAlef/Info.plist;
				LD_RUNPATH_SEARCH_PATHS = (
					"$(inherited)",
					"@executable_path/Frameworks",
				);
				PRODUCT_BUNDLE_IDENTIFIER = airumian.alexander.testForAlef;
				PRODUCT_NAME = "$(TARGET_NAME)";
				SWIFT_VERSION = 5.0;
				TARGETED_DEVICE_FAMILY = "1,2";
			};
			name = Release;
		};
/* End XCBuildConfiguration section */

/* Begin XCConfigurationList section */
		F7A900A326B1A817002C9749 /* Build configuration list for PBXProject "TestForAlef" */ = {
			isa = XCConfigurationList;
			buildConfigurations = (
				F7A900BA26B1A81B002C9749 /* Debug */,
				F7A900BB26B1A81B002C9749 /* Release */,
			);
			defaultConfigurationIsVisible = 0;
			defaultConfigurationName = Release;
		};
		F7A900BC26B1A81B002C9749 /* Build configuration list for PBXNativeTarget "TestForAlef" */ = {
			isa = XCConfigurationList;
			buildConfigurations = (
				F7A900BD26B1A81B002C9749 /* Debug */,
				F7A900BE26B1A81B002C9749 /* Release */,
			);
			defaultConfigurationIsVisible = 0;
			defaultConfigurationName = Release;
		};
/* End XCConfigurationList section */
	};
	rootObject = F7A900A026B1A817002C9749 /* Project object */;
}
